
Microsoft Visual Studio Solution File, Format Version 12.00
# Visual Studio Version 17
VisualStudioVersion = 17.3.32901.215
MinimumVisualStudioVersion = 10.0.40219.1
Project("{FAE04EC0-301F-11D3-BF4B-00C04F79EFBC}") = "Dimitar-Pachevurov-Employees", "Dimitar-Pachevurov-Employees\Dimitar-Pachevurov-Employees.csproj", "{3F146C7B-8AF0-4B3E-999A-5D70194BEB58}"
EndProject
Global
	GlobalSection(SolutionConfigurationPlatforms) = preSolution
		Debug|Any CPU = Debug|Any CPU
		Release|Any CPU = Release|Any CPU
	EndGlobalSection
	GlobalSection(ProjectConfigurationPlatforms) = postSolution
		{3F146C7B-8AF0-4B3E-999A-5D70194BEB58}.Debug|Any CPU.ActiveCfg = Debug|Any CPU
		{3F146C7B-8AF0-4B3E-999A-5D70194BEB58}.Debug|Any CPU.Build.0 = Debug|Any CPU
		{3F146C7B-8AF0-4B3E-999A-5D70194BEB58}.Release|Any CPU.ActiveCfg = Release|Any CPU
		{3F146C7B-8AF0-4B3E-999A-5D70194BEB58}.Release|Any CPU.Build.0 = Release|Any CPU
	EndGlobalSection
	GlobalSection(SolutionProperties) = preSolution
		HideSolutionNode = FALSE
	EndGlobalSection
	GlobalSection(ExtensibilityGlobals) = postSolution
		SolutionGuid = {37BFA4CF-B73A-40E1-843B-297BE2239098}
	EndGlobalSection
EndGlobal
